
Microsoft Visual Studio Solution File, Format Version 12.00
# Visual Studio Version 17
VisualStudioVersion = 17.10.35004.147
MinimumVisualStudioVersion = 10.0.40219.1
Project("{FAE04EC0-301F-11D3-BF4B-00C04F79EFBC}") = "HabitTracker.Server", "HabitTracker.Server\HabitTracker.Server.csproj", "{3343BC18-40EB-4E2F-BB73-B342EAD8131B}"
EndProject
Project("{54A90642-561A-4BB1-A94E-469ADEE60C69}") = "habittracker.client", "habittracker.client\habittracker.client.esproj", "{8451A88F-6D8C-4227-8BD9-0A7EDE9E0856}"
EndProject
Global
	GlobalSection(SolutionConfigurationPlatforms) = preSolution
		Debug|Any CPU = Debug|Any CPU
		Release|Any CPU = Release|Any CPU
	EndGlobalSection
	GlobalSection(ProjectConfigurationPlatforms) = postSolution
		{3343BC18-40EB-4E2F-BB73-B342EAD8131B}.Debug|Any CPU.ActiveCfg = Debug|Any CPU
		{3343BC18-40EB-4E2F-BB73-B342EAD8131B}.Debug|Any CPU.Build.0 = Debug|Any CPU
		{3343BC18-40EB-4E2F-BB73-B342EAD8131B}.Release|Any CPU.ActiveCfg = Release|Any CPU
		{3343BC18-40EB-4E2F-BB73-B342EAD8131B}.Release|Any CPU.Build.0 = Release|Any CPU
		{8451A88F-6D8C-4227-8BD9-0A7EDE9E0856}.Debug|Any CPU.ActiveCfg = Debug|Any CPU
		{8451A88F-6D8C-4227-8BD9-0A7EDE9E0856}.Debug|Any CPU.Build.0 = Debug|Any CPU
		{8451A88F-6D8C-4227-8BD9-0A7EDE9E0856}.Debug|Any CPU.Deploy.0 = Debug|Any CPU
		{8451A88F-6D8C-4227-8BD9-0A7EDE9E0856}.Release|Any CPU.ActiveCfg = Release|Any CPU
		{8451A88F-6D8C-4227-8BD9-0A7EDE9E0856}.Release|Any CPU.Build.0 = Release|Any CPU
		{8451A88F-6D8C-4227-8BD9-0A7EDE9E0856}.Release|Any CPU.Deploy.0 = Release|Any CPU
	EndGlobalSection
	GlobalSection(SolutionProperties) = preSolution
		HideSolutionNode = FALSE
	EndGlobalSection
	GlobalSection(ExtensibilityGlobals) = postSolution
		SolutionGuid = {20E8152E-0E01-4967-83F9-A1B6B3B80AF3}
	EndGlobalSection
EndGlobal
